
Microsoft Visual Studio Solution File, Format Version 12.00
# Visual Studio 2017
Project("{FAE04EC0-301F-11D3-BF4B-00C04F79EFBC}") = "BovAppe", "BovAppe.csproj", "{32A8DB46-1AA8-4D3D-AADE-C7F0BB8C10EC}"
EndProject
Global
	GlobalSection(SolutionConfigurationPlatforms) = preSolution
		Debug|Any CPU = Debug|Any CPU
		Release|Any CPU = Release|Any CPU
	EndGlobalSection
	GlobalSection(ProjectConfigurationPlatforms) = postSolution
		{32A8DB46-1AA8-4D3D-AADE-C7F0BB8C10EC}.Debug|Any CPU.ActiveCfg = Debug|Any CPU
		{32A8DB46-1AA8-4D3D-AADE-C7F0BB8C10EC}.Debug|Any CPU.Build.0 = Debug|Any CPU
		{32A8DB46-1AA8-4D3D-AADE-C7F0BB8C10EC}.Release|Any CPU.ActiveCfg = Release|Any CPU
		{32A8DB46-1AA8-4D3D-AADE-C7F0BB8C10EC}.Release|Any CPU.Build.0 = Release|Any CPU
	EndGlobalSection
EndGlobal
